
Microsoft Visual Studio Solution File, Format Version 12.00
# Visual Studio Version 16
VisualStudioVersion = 16.0.30907.101
MinimumVisualStudioVersion = 10.0.40219.1
Project("{FAE04EC0-301F-11D3-BF4B-00C04F79EFBC}") = "ClassMetotDemo", "ClassMetotDemo\ClassMetotDemo.csproj", "{3F078384-5661-4B63-973F-FE480F3CC6DD}"
EndProject
Global
	GlobalSection(SolutionConfigurationPlatforms) = preSolution
		Debug|Any CPU = Debug|Any CPU
		Release|Any CPU = Release|Any CPU
	EndGlobalSection
	GlobalSection(ProjectConfigurationPlatforms) = postSolution
		{3F078384-5661-4B63-973F-FE480F3CC6DD}.Debug|Any CPU.ActiveCfg = Debug|Any CPU
		{3F078384-5661-4B63-973F-FE480F3CC6DD}.Debug|Any CPU.Build.0 = Debug|Any CPU
		{3F078384-5661-4B63-973F-FE480F3CC6DD}.Release|Any CPU.ActiveCfg = Release|Any CPU
		{3F078384-5661-4B63-973F-FE480F3CC6DD}.Release|Any CPU.Build.0 = Release|Any CPU
	EndGlobalSection
	GlobalSection(SolutionProperties) = preSolution
		HideSolutionNode = FALSE
	EndGlobalSection
	GlobalSection(ExtensibilityGlobals) = postSolution
		SolutionGuid = {4A802498-4B5D-4B52-9205-D64A3BA60F2F}
	EndGlobalSection
EndGlobal
